// !$*UTF8*$!
{
	archiveVersion = 1;
	classes = {
	};
	objectVersion = 50;
	objects = {

/* Begin PBXBuildFile section */
		18ED97C8227B0D380079EE49 /* AppDelegate.swift in Sources */ = {isa = PBXBuildFile; fileRef = 18ED97C7227B0D380079EE49 /* AppDelegate.swift */; };
		18ED97CA227B0D380079EE49 /* ViewController.swift in Sources */ = {isa = PBXBuildFile; fileRef = 18ED97C9227B0D380079EE49 /* ViewController.swift */; };
		18ED97CD227B0D380079EE49 /* Main.storyboard in Resources */ = {isa = PBXBuildFile; fileRef = 18ED97CB227B0D380079EE49 /* Main.storyboard */; };
		18ED97CF227B0D3D0079EE49 /* Assets.xcassets in Resources */ = {isa = PBXBuildFile; fileRef = 18ED97CE227B0D3D0079EE49 /* Assets.xcassets */; };
		18ED97D2227B0D3D0079EE49 /* LaunchScreen.storyboard in Resources */ = {isa = PBXBuildFile; fileRef = 18ED97D0227B0D3D0079EE49 /* LaunchScreen.storyboard */; };
		18ED97DA227B13690079EE49 /* TableViewCell.swift in Sources */ = {isa = PBXBuildFile; fileRef = 18ED97D9227B13680079EE49 /* TableViewCell.swift */; };
		18ED97DC227B16810079EE49 /* a6.jpg in Resources */ = {isa = PBXBuildFile; fileRef = 18ED97DB227B16810079EE49 /* a6.jpg */; };
/* End PBXBuildFile section */

/* Begin PBXFileReference section */
		18ED97C4227B0D380079EE49 /* SwiftTableViewDemo.app */ = {isa = PBXFileReference; explicitFileType = wrapper.application; includeInIndex = 0; path = SwiftTableViewDemo.app; sourceTree = BUILT_PRODUCTS_DIR; };
		18ED97C7227B0D380079EE49 /* AppDelegate.swift */ = {isa = PBXFileReference; lastKnownFileType = sourcecode.swift; path = AppDelegate.swift; sourceTree = "<group>"; };
		18ED97C9227B0D380079EE49 /* ViewController.swift */ = {isa = PBXFileReference; lastKnownFileType = sourcecode.swift; path = ViewController.swift; sourceTree = "<group>"; };
		18ED97CC227B0D380079EE49 /* Base */ = {isa = PBXFileReference; lastKnownFileType = file.storyboard; name = Base; path = Base.lproj/Main.storyboard; sourceTree = "<group>"; };
		18ED97CE227B0D3D0079EE49 /* Assets.xcassets */ = {isa = PBXFileReference; lastKnownFileType = folder.assetcatalog; path = Assets.xcassets; sourceTree = "<group>"; };
		18ED97D1227B0D3D0079EE49 /* Base */ = {isa = PBXFileReference; lastKnownFileType = file.storyboard; name = Base; path = Base.lproj/LaunchScreen.storyboard; sourceTree = "<group>"; };
		18ED97D3227B0D3D0079EE49 /* Info.plist */ = {isa = PBXFileReference; lastKnownFileType = text.plist.xml; path = Info.plist; sourceTree = "<group>"; };
		18ED97D9227B13680079EE49 /* TableViewCell.swift */ = {isa = PBXFileReference; lastKnownFileType = sourcecode.swift; path = TableViewCell.swift; sourceTree = "<group>"; };
		18ED97DB227B16810079EE49 /* a6.jpg */ = {isa = PBXFileReference; lastKnownFileType = image.jpeg; path = a6.jpg; sourceTree = "<group>"; };
/* End PBXFileReference section */

/* Begin PBXFrameworksBuildPhase section */
		18ED97C1227B0D380079EE49 /* Frameworks */ = {
			isa = PBXFrameworksBuildPhase;
			buildActionMask = 2147483647;
			files = (
			);
			runOnlyForDeploymentPostprocessing = 0;
		};
/* End PBXFrameworksBuildPhase section */

/* Begin PBXGroup section */
		18ED97BB227B0D380079EE49 = {
			isa = PBXGroup;
			children = (
				18ED97C6227B0D380079EE49 /* SwiftTableViewDemo */,
				18ED97C5227B0D380079EE49 /* Products */,
			);
			sourceTree = "<group>";
		};
		18ED97C5227B0D380079EE49 /* Products */ = {
			isa = PBXGroup;
			children = (
				18ED97C4227B0D380079EE49 /* SwiftTableViewDemo.app */,
			);
			name = Products;
			sourceTree = "<group>";
		};
		18ED97C6227B0D380079EE49 /* SwiftTableViewDemo */ = {
			isa = PBXGroup;
			children = (
				18ED97C7227B0D380079EE49 /* AppDelegate.swift */,
				18ED97C9227B0D380079EE49 /* ViewController.swift */,
				18ED97CB227B0D380079EE49 /* Main.storyboard */,
				18ED97DB227B16810079EE49 /* a6.jpg */,
				18ED97CE227B0D3D0079EE49 /* Assets.xcassets */,
				18ED97D0227B0D3D0079EE49 /* LaunchScreen.storyboard */,
				18ED97D3227B0D3D0079EE49 /* Info.plist */,
				18ED97D9227B13680079EE49 /* TableViewCell.swift */,
			);
			path = SwiftTableViewDemo;
			sourceTree = "<group>";
		};
/* End PBXGroup section */

/* Begin PBXNativeTarget section */
		18ED97C3227B0D380079EE49 /* SwiftTableViewDemo */ = {
			isa = PBXNativeTarget;
			buildConfigurationList = 18ED97D6227B0D3D0079EE49 /* Build configuration list for PBXNativeTarget "SwiftTableViewDemo" */;
			buildPhases = (
				18ED97C0227B0D380079EE49 /* Sources */,
				18ED97C1227B0D380079EE49 /* Frameworks */,
				18ED97C2227B0D380079EE49 /* Resources */,
			);
			buildRules = (
			);
			dependencies = (
			);
			name = SwiftTableViewDemo;
			productName = SwiftTableViewDemo;
			productReference = 18ED97C4227B0D380079EE49 /* SwiftTableViewDemo.app */;
			productType = "com.apple.product-type.application";
		};
/* End PBXNativeTarget section */

/* Begin PBXProject section */
		18ED97BC227B0D380079EE49 /* Project object */ = {
			isa = PBXProject;
			attributes = {
				LastSwiftUpdateCheck = 1020;
				LastUpgradeCheck = 1020;
				ORGANIZATIONNAME = Apple;
				TargetAttributes = {
					18ED97C3227B0D380079EE49 = {
						CreatedOnToolsVersion = 10.2;
					};
				};
			};
			buildConfigurationList = 18ED97BF227B0D380079EE49 /* Build configuration list for PBXProject "SwiftTableViewDemo" */;
			compatibilityVersion = "Xcode 9.3";
			developmentRegion = en;
			hasScannedForEncodings = 0;
			knownRegions = (
				en,
				Base,
			);
			mainGroup = 18ED97BB227B0D380079EE49;
			productRefGroup = 18ED97C5227B0D380079EE49 /* Products */;
			projectDirPath = "";
			projectRoot = "";
			targets = (
				18ED97C3227B0D380079EE49 /* SwiftTableViewDemo */,
			);
		};
/* End PBXProject section */

/* Begin PBXResourcesBuildPhase section */
		18ED97C2227B0D380079EE49 /* Resources */ = {
			isa = PBXResourcesBuildPhase;
			buildActionMask = 2147483647;
			files = (
				18ED97DC227B16810079EE49 /* a6.jpg in Resources */,
				18ED97D2227B0D3D0079EE49 /* LaunchScreen.storyboard in Resources */,
				18ED97CF227B0D3D0079EE49 /* Assets.xcassets in Resources */,
				18ED97CD227B0D380079EE49 /* Main.storyboard in Resources */,
			);
			runOnlyForDeploymentPostprocessing = 0;
		};
/* End PBXResourcesBuildPhase section */

/* Begin PBXSourcesBuildPhase section */
		18ED97C0227B0D380079EE49 /* Sources */ = {
			isa = PBXSourcesBuildPhase;
			buildActionMask = 2147483647;
			files = (
				18ED97DA227B13690079EE49 /* TableViewCell.swift in Sources */,
				18ED97CA227B0D380079EE49 /* ViewController.swift in Sources */,
				18ED97C8227B0D380079EE49 /* AppDelegate.swift in Sources */,
			);
			runOnlyForDeploymentPostprocessing = 0;
		};
/* End PBXSourcesBuildPhase section */

/* Begin PBXVariantGroup section */
		18ED97CB227B0D380079EE49 /* Main.storyboard */ = {
			isa = PBXVariantGroup;
			children = (
				18ED97CC227B0D380079EE49 /* Base */,
			);
			name = Main.storyboard;
			sourceTree = "<group>";
		};
		18ED97D0227B0D3D0079EE49 /* LaunchScreen.storyboard */ = {
			isa = PBXVariantGroup;
			children = (
				18ED97D1227B0D3D0079EE49 /* Base */,
			);
			name = LaunchScreen.storyboard;
			sourceTree = "<group>";
		};
/* End PBXVariantGroup section */

/* Begin XCBuildConfiguration section */
		18ED97D4227B0D3D0079EE49 /* Debug */ = {
			isa = XCBuildConfiguration;
			buildSettings = {
				ALWAYS_SEARCH_USER_PATHS = NO;
				CLANG_ANALYZER_NONNULL = YES;
				CLANG_ANALYZER_NUMBER_OBJECT_CONVERSION = YES_AGGRESSIVE;
				CLANG_CXX_LANGUAGE_STANDARD = "gnu++14";
				CLANG_CXX_LIBRARY = "libc++";
				CLANG_ENABLE_MODULES = YES;
				CLANG_ENABLE_OBJC_ARC = YES;
				CLANG_ENABLE_OBJC_WEAK = YES;
				CLANG_WARN_BLOCK_CAPTURE_AUTORELEASING = YES;
				CLANG_WARN_BOOL_CONVERSION = YES;
				CLANG_WARN_COMMA = YES;
				CLANG_WARN_CONSTANT_CONVERSION = YES;
				CLANG_WARN_DEPRECATED_OBJC_IMPLEMENTATIONS = YES;
				CLANG_WARN_DIRECT_OBJC_ISA_USAGE = YES_ERROR;
				CLANG_WARN_DOCUMENTATION_COMMENTS = YES;
				CLANG_WARN_EMPTY_BODY = YES;
				CLANG_WARN_ENUM_CONVERSION = YES;
				CLANG_WARN_INFINITE_RECURSION = YES;
				CLANG_WARN_INT_CONVERSION = YES;
				CLANG_WARN_NON_LITERAL_NULL_CONVERSION = YES;
				CLANG_WARN_OBJC_IMPLICIT_RETAIN_SELF = YES;
				CLANG_WARN_OBJC_LITERAL_CONVERSION = YES;
				CLANG_WARN_OBJC_ROOT_CLASS = YES_ERROR;
				CLANG_WARN_RANGE_LOOP_ANALYSIS = YES;
				CLANG_WARN_STRICT_PROTOTYPES = YES;
				CLANG_WARN_SUSPICIOUS_MOVE = YES;
				CLANG_WARN_UNGUARDED_AVAILABILITY = YES_AGGRESSIVE;
				CLANG_WARN_UNREACHABLE_CODE = YES;
				CLANG_WARN__DUPLICATE_METHOD_MATCH = YES;
				CODE_SIGN_IDENTITY = "iPhone Developer";
				COPY_PHASE_STRIP = NO;
				DEBUG_INFORMATION_FORMAT = dwarf;
				ENABLE_STRICT_OBJC_MSGSEND = YES;
				ENABLE_TESTABILITY = YES;
				GCC_C_LANGUAGE_STANDARD = gnu11;
				GCC_DYNAMIC_NO_PIC = NO;
				GCC_NO_COMMON_BLOCKS = YES;
				GCC_OPTIMIZATION_LEVEL = 0;
				GCC_PREPROCESSOR_DEFINITIONS = (
					"DEBUG=1",
					"$(inherited)",
				);
				GCC_WARN_64_TO_32_BIT_CONVERSION = YES;
				GCC_WARN_ABOUT_RETURN_TYPE = YES_ERROR;
				GCC_WARN_UNDECLARED_SELECTOR = YES;
				GCC_WARN_UNINITIALIZED_AUTOS = YES_AGGRESSIVE;
				GCC_WARN_UNUSED_FUNCTION = YES;
				GCC_WARN_UNUSED_VARIABLE = YES;
				IPHONEOS_DEPLOYMENT_TARGET = 12.2;
				MTL_ENABLE_DEBUG_INFO = INCLUDE_SOURCE;
				MTL_FAST_MATH = YES;
				ONLY_ACTIVE_ARCH = YES;
				SDKROOT = iphoneos;
				SWIFT_ACTIVE_COMPILATION_CONDITIONS = DEBUG;
				SWIFT_OPTIMIZATION_LEVEL = "-Onone";
			};
			name = Debug;
		};
		18ED97D5227B0D3D0079EE49 /* Release */ = {
			isa = XCBuildConfiguration;
			buildSettings = {
				ALWAYS_SEARCH_USER_PATHS = NO;
				CLANG_ANALYZER_NONNULL = YES;
				CLANG_ANALYZER_NUMBER_OBJECT_CONVERSION = YES_AGGRESSIVE;
				CLANG_CXX_LANGUAGE_STANDARD = "gnu++14";
				CLANG_CXX_LIBRARY = "libc++";
				CLANG_ENABLE_MODULES = YES;
				CLANG_ENABLE_OBJC_ARC = YES;
				CLANG_ENABLE_OBJC_WEAK = YES;
				CLANG_WARN_BLOCK_CAPTURE_AUTORELEASING = YES;
				CLANG_WARN_BOOL_CONVERSION = YES;
				CLANG_WARN_COMMA = YES;
				CLANG_WARN_CONSTANT_CONVERSION = YES;
				CLANG_WARN_DEPRECATED_OBJC_IMPLEMENTATIONS = YES;
				CLANG_WARN_DIRECT_OBJC_ISA_USAGE = YES_ERROR;
				CLANG_WARN_DOCUMENTATION_COMMENTS = YES;
				CLANG_WARN_EMPTY_BODY = YES;
				CLANG_WARN_ENUM_CONVERSION = YES;
				CLANG_WARN_INFINITE_RECURSION = YES;
				CLANG_WARN_INT_CONVERSION = YES;
				CLANG_WARN_NON_LITERAL_NULL_CONVERSION = YES;
				CLANG_WARN_OBJC_IMPLICIT_RETAIN_SELF = YES;
				CLANG_WARN_OBJC_LITERAL_CONVERSION = YES;
				CLANG_WARN_OBJC_ROOT_CLASS = YES_ERROR;
				CLANG_WARN_RANGE_LOOP_ANALYSIS = YES;
				CLANG_WARN_STRICT_PROTOTYPES = YES;
				CLANG_WARN_SUSPICIOUS_MOVE = YES;
				CLANG_WARN_UNGUARDED_AVAILABILITY = YES_AGGRESSIVE;
				CLANG_WARN_UNREACHABLE_CODE = YES;
				CLANG_WARN__DUPLICATE_METHOD_MATCH = YES;
				CODE_SIGN_IDENTITY = "iPhone Developer";
				COPY_PHASE_STRIP = NO;
				DEBUG_INFORMATION_FORMAT = "dwarf-with-dsym";
				ENABLE_NS_ASSERTIONS = NO;
				ENABLE_STRICT_OBJC_MSGSEND = YES;
				GCC_C_LANGUAGE_STANDARD = gnu11;
				GCC_NO_COMMON_BLOCKS = YES;
				GCC_WARN_64_TO_32_BIT_CONVERSION = YES;
				GCC_WARN_ABOUT_RETURN_TYPE = YES_ERROR;
				GCC_WARN_UNDECLARED_SELECTOR = YES;
				GCC_WARN_UNINITIALIZED_AUTOS = YES_AGGRESSIVE;
				GCC_WARN_UNUSED_FUNCTION = YES;
				GCC_WARN_UNUSED_VARIABLE = YES;
				IPHONEOS_DEPLOYMENT_TARGET = 12.2;
				MTL_ENABLE_DEBUG_INFO = NO;
				MTL_FAST_MATH = YES;
				SDKROOT = iphoneos;
				SWIFT_COMPILATION_MODE = wholemodule;
				SWIFT_OPTIMIZATION_LEVEL = "-O";
				VALIDATE_PRODUCT = YES;
			};
			name = Release;
		};
		18ED97D7227B0D3D0079EE49 /* Debug */ = {
			isa = XCBuildConfiguration;
			buildSettings = {
				ASSETCATALOG_COMPILER_APPICON_NAME = AppIcon;
				CODE_SIGN_STYLE = Automatic;
				DEVELOPMENT_TEAM = PHWDGYX98M;
				INFOPLIST_FILE = SwiftTableViewDemo/Info.plist;
				LD_RUNPATH_SEARCH_PATHS = (
					"$(inherited)",
					"@executable_path/Frameworks",
				);
				PRODUCT_BUNDLE_IDENTIFIER = com.app.SwiftTableViewDemo;
				PRODUCT_NAME = "$(TARGET_NAME)";
				SWIFT_VERSION = 5.0;
				TARGETED_DEVICE_FAMILY = "1,2";
			};
			name = Debug;
		};
		18ED97D8227B0D3D0079EE49 /* Release */ = {
			isa = XCBuildConfiguration;
			buildSettings = {
				ASSETCATALOG_COMPILER_APPICON_NAME = AppIcon;
				CODE_SIGN_STYLE = Automatic;
				DEVELOPMENT_TEAM = PHWDGYX98M;
				INFOPLIST_FILE = SwiftTableViewDemo/Info.plist;
				LD_RUNPATH_SEARCH_PATHS = (
					"$(inherited)",
					"@executable_path/Frameworks",
				);
				PRODUCT_BUNDLE_IDENTIFIER = com.app.SwiftTableViewDemo;
				PRODUCT_NAME = "$(TARGET_NAME)";
				SWIFT_VERSION = 5.0;
				TARGETED_DEVICE_FAMILY = "1,2";
			};
			name = Release;
		};
/* End XCBuildConfiguration section */

/* Begin XCConfigurationList section */
		18ED97BF227B0D380079EE49 /* Build configuration list for PBXProject "SwiftTableViewDemo" */ = {
			isa = XCConfigurationList;
			buildConfigurations = (
				18ED97D4227B0D3D0079EE49 /* Debug */,
				18ED97D5227B0D3D0079EE49 /* Release */,
			);
			defaultConfigurationIsVisible = 0;
			defaultConfigurationName = Release;
		};
		18ED97D6227B0D3D0079EE49 /* Build configuration list for PBXNativeTarget "SwiftTableViewDemo" */ = {
			isa = XCConfigurationList;
			buildConfigurations = (
				18ED97D7227B0D3D0079EE49 /* Debug */,
				18ED97D8227B0D3D0079EE49 /* Release */,
			);
			defaultConfigurationIsVisible = 0;
			defaultConfigurationName = Release;
		};
/* End XCConfigurationList section */
	};
	rootObject = 18ED97BC227B0D380079EE49 /* Project object */;
}
